// !$*UTF8*$!
{
	archiveVersion = 1;
	classes = {
	};
	objectVersion = 46;
	objects = {

/* Begin PBXBuildFile section */
		F4D5AA681F1BE59F00CA6E6F /* AppDelegate.swift in Sources */ = {isa = PBXBuildFile; fileRef = F4D5AA671F1BE59F00CA6E6F /* AppDelegate.swift */; };
		F4D5AA6A1F1BE59F00CA6E6F /* ViewController.swift in Sources */ = {isa = PBXBuildFile; fileRef = F4D5AA691F1BE59F00CA6E6F /* ViewController.swift */; };
		F4D5AA6D1F1BE59F00CA6E6F /* Main.storyboard in Resources */ = {isa = PBXBuildFile; fileRef = F4D5AA6B1F1BE59F00CA6E6F /* Main.storyboard */; };
		F4D5AA6F1F1BE59F00CA6E6F /* Assets.xcassets in Resources */ = {isa = PBXBuildFile; fileRef = F4D5AA6E1F1BE59F00CA6E6F /* Assets.xcassets */; };
		F4D5AA721F1BE59F00CA6E6F /* LaunchScreen.storyboard in Resources */ = {isa = PBXBuildFile; fileRef = F4D5AA701F1BE59F00CA6E6F /* LaunchScreen.storyboard */; };
		F4D5AA7D1F1BE59F00CA6E6F /* Oppositify_CLRTests.swift in Sources */ = {isa = PBXBuildFile; fileRef = F4D5AA7C1F1BE59F00CA6E6F /* Oppositify_CLRTests.swift */; };
		F4D5AA881F1BE59F00CA6E6F /* Oppositify_CLRUITests.swift in Sources */ = {isa = PBXBuildFile; fileRef = F4D5AA871F1BE59F00CA6E6F /* Oppositify_CLRUITests.swift */; };
/* End PBXBuildFile section */

/* Begin PBXContainerItemProxy section */
		F4D5AA791F1BE59F00CA6E6F /* PBXContainerItemProxy */ = {
			isa = PBXContainerItemProxy;
			containerPortal = F4D5AA5C1F1BE59F00CA6E6F /* Project object */;
			proxyType = 1;
			remoteGlobalIDString = F4D5AA631F1BE59F00CA6E6F;
			remoteInfo = "Oppositify CLR";
		};
		F4D5AA841F1BE59F00CA6E6F /* PBXContainerItemProxy */ = {
			isa = PBXContainerItemProxy;
			containerPortal = F4D5AA5C1F1BE59F00CA6E6F /* Project object */;
			proxyType = 1;
			remoteGlobalIDString = F4D5AA631F1BE59F00CA6E6F;
			remoteInfo = "Oppositify CLR";
		};
/* End PBXContainerItemProxy section */

/* Begin PBXFileReference section */
		F4D5AA641F1BE59F00CA6E6F /* Oppositify CLR.app */ = {isa = PBXFileReference; explicitFileType = wrapper.application; includeInIndex = 0; path = "Oppositify CLR.app"; sourceTree = BUILT_PRODUCTS_DIR; };
		F4D5AA671F1BE59F00CA6E6F /* AppDelegate.swift */ = {isa = PBXFileReference; lastKnownFileType = sourcecode.swift; path = AppDelegate.swift; sourceTree = "<group>"; };
		F4D5AA691F1BE59F00CA6E6F /* ViewController.swift */ = {isa = PBXFileReference; lastKnownFileType = sourcecode.swift; path = ViewController.swift; sourceTree = "<group>"; };
		F4D5AA6C1F1BE59F00CA6E6F /* Base */ = {isa = PBXFileReference; lastKnownFileType = file.storyboard; name = Base; path = Base.lproj/Main.storyboard; sourceTree = "<group>"; };
		F4D5AA6E1F1BE59F00CA6E6F /* Assets.xcassets */ = {isa = PBXFileReference; lastKnownFileType = folder.assetcatalog; path = Assets.xcassets; sourceTree = "<group>"; };
		F4D5AA711F1BE59F00CA6E6F /* Base */ = {isa = PBXFileReference; lastKnownFileType = file.storyboard; name = Base; path = Base.lproj/LaunchScreen.storyboard; sourceTree = "<group>"; };
		F4D5AA731F1BE59F00CA6E6F /* Info.plist */ = {isa = PBXFileReference; lastKnownFileType = text.plist.xml; path = Info.plist; sourceTree = "<group>"; };
		F4D5AA781F1BE59F00CA6E6F /* Oppositify CLRTests.xctest */ = {isa = PBXFileReference; explicitFileType = wrapper.cfbundle; includeInIndex = 0; path = "Oppositify CLRTests.xctest"; sourceTree = BUILT_PRODUCTS_DIR; };
		F4D5AA7C1F1BE59F00CA6E6F /* Oppositify_CLRTests.swift */ = {isa = PBXFileReference; lastKnownFileType = sourcecode.swift; path = Oppositify_CLRTests.swift; sourceTree = "<group>"; };
		F4D5AA7E1F1BE59F00CA6E6F /* Info.plist */ = {isa = PBXFileReference; lastKnownFileType = text.plist.xml; path = Info.plist; sourceTree = "<group>"; };
		F4D5AA831F1BE59F00CA6E6F /* Oppositify CLRUITests.xctest */ = {isa = PBXFileReference; explicitFileType = wrapper.cfbundle; includeInIndex = 0; path = "Oppositify CLRUITests.xctest"; sourceTree = BUILT_PRODUCTS_DIR; };
		F4D5AA871F1BE59F00CA6E6F /* Oppositify_CLRUITests.swift */ = {isa = PBXFileReference; lastKnownFileType = sourcecode.swift; path = Oppositify_CLRUITests.swift; sourceTree = "<group>"; };
		F4D5AA891F1BE59F00CA6E6F /* Info.plist */ = {isa = PBXFileReference; lastKnownFileType = text.plist.xml; path = Info.plist; sourceTree = "<group>"; };
/* End PBXFileReference section */

/* Begin PBXFrameworksBuildPhase section */
		F4D5AA611F1BE59F00CA6E6F /* Frameworks */ = {
			isa = PBXFrameworksBuildPhase;
			buildActionMask = 2147483647;
			files = (
			);
			runOnlyForDeploymentPostprocessing = 0;
		};
		F4D5AA751F1BE59F00CA6E6F /* Frameworks */ = {
			isa = PBXFrameworksBuildPhase;
			buildActionMask = 2147483647;
			files = (
			);
			runOnlyForDeploymentPostprocessing = 0;
		};
		F4D5AA801F1BE59F00CA6E6F /* Frameworks */ = {
			isa = PBXFrameworksBuildPhase;
			buildActionMask = 2147483647;
			files = (
			);
			runOnlyForDeploymentPostprocessing = 0;
		};
/* End PBXFrameworksBuildPhase section */

/* Begin PBXGroup section */
		F4D5AA5B1F1BE59F00CA6E6F = {
			isa = PBXGroup;
			children = (
				F4D5AA661F1BE59F00CA6E6F /* Oppositify CLR */,
				F4D5AA7B1F1BE59F00CA6E6F /* Oppositify CLRTests */,
				F4D5AA861F1BE59F00CA6E6F /* Oppositify CLRUITests */,
				F4D5AA651F1BE59F00CA6E6F /* Products */,
			);
			sourceTree = "<group>";
		};
		F4D5AA651F1BE59F00CA6E6F /* Products */ = {
			isa = PBXGroup;
			children = (
				F4D5AA641F1BE59F00CA6E6F /* Oppositify CLR.app */,
				F4D5AA781F1BE59F00CA6E6F /* Oppositify CLRTests.xctest */,
				F4D5AA831F1BE59F00CA6E6F /* Oppositify CLRUITests.xctest */,
			);
			name = Products;
			sourceTree = "<group>";
		};
		F4D5AA661F1BE59F00CA6E6F /* Oppositify CLR */ = {
			isa = PBXGroup;
			children = (
				F4D5AA671F1BE59F00CA6E6F /* AppDelegate.swift */,
				F4D5AA691F1BE59F00CA6E6F /* ViewController.swift */,
				F4D5AA6B1F1BE59F00CA6E6F /* Main.storyboard */,
				F4D5AA6E1F1BE59F00CA6E6F /* Assets.xcassets */,
				F4D5AA701F1BE59F00CA6E6F /* LaunchScreen.storyboard */,
				F4D5AA731F1BE59F00CA6E6F /* Info.plist */,
			);
			path = "Oppositify CLR";
			sourceTree = "<group>";
		};
		F4D5AA7B1F1BE59F00CA6E6F /* Oppositify CLRTests */ = {
			isa = PBXGroup;
			children = (
				F4D5AA7C1F1BE59F00CA6E6F /* Oppositify_CLRTests.swift */,
				F4D5AA7E1F1BE59F00CA6E6F /* Info.plist */,
			);
			path = "Oppositify CLRTests";
			sourceTree = "<group>";
		};
		F4D5AA861F1BE59F00CA6E6F /* Oppositify CLRUITests */ = {
			isa = PBXGroup;
			children = (
				F4D5AA871F1BE59F00CA6E6F /* Oppositify_CLRUITests.swift */,
				F4D5AA891F1BE59F00CA6E6F /* Info.plist */,
			);
			path = "Oppositify CLRUITests";
			sourceTree = "<group>";
		};
/* End PBXGroup section */

/* Begin PBXNativeTarget section */
		F4D5AA631F1BE59F00CA6E6F /* Oppositify CLR */ = {
			isa = PBXNativeTarget;
			buildConfigurationList = F4D5AA8C1F1BE59F00CA6E6F /* Build configuration list for PBXNativeTarget "Oppositify CLR" */;
			buildPhases = (
				F4D5AA601F1BE59F00CA6E6F /* Sources */,
				F4D5AA611F1BE59F00CA6E6F /* Frameworks */,
				F4D5AA621F1BE59F00CA6E6F /* Resources */,
			);
			buildRules = (
			);
			dependencies = (
			);
			name = "Oppositify CLR";
			productName = "Oppositify CLR";
			productReference = F4D5AA641F1BE59F00CA6E6F /* Oppositify CLR.app */;
			productType = "com.apple.product-type.application";
		};
		F4D5AA771F1BE59F00CA6E6F /* Oppositify CLRTests */ = {
			isa = PBXNativeTarget;
			buildConfigurationList = F4D5AA8F1F1BE59F00CA6E6F /* Build configuration list for PBXNativeTarget "Oppositify CLRTests" */;
			buildPhases = (
				F4D5AA741F1BE59F00CA6E6F /* Sources */,
				F4D5AA751F1BE59F00CA6E6F /* Frameworks */,
				F4D5AA761F1BE59F00CA6E6F /* Resources */,
			);
			buildRules = (
			);
			dependencies = (
				F4D5AA7A1F1BE59F00CA6E6F /* PBXTargetDependency */,
			);
			name = "Oppositify CLRTests";
			productName = "Oppositify CLRTests";
			productReference = F4D5AA781F1BE59F00CA6E6F /* Oppositify CLRTests.xctest */;
			productType = "com.apple.product-type.bundle.unit-test";
		};
		F4D5AA821F1BE59F00CA6E6F /* Oppositify CLRUITests */ = {
			isa = PBXNativeTarget;
			buildConfigurationList = F4D5AA921F1BE59F00CA6E6F /* Build configuration list for PBXNativeTarget "Oppositify CLRUITests" */;
			buildPhases = (
				F4D5AA7F1F1BE59F00CA6E6F /* Sources */,
				F4D5AA801F1BE59F00CA6E6F /* Frameworks */,
				F4D5AA811F1BE59F00CA6E6F /* Resources */,
			);
			buildRules = (
			);
			dependencies = (
				F4D5AA851F1BE59F00CA6E6F /* PBXTargetDependency */,
			);
			name = "Oppositify CLRUITests";
			productName = "Oppositify CLRUITests";
			productReference = F4D5AA831F1BE59F00CA6E6F /* Oppositify CLRUITests.xctest */;
			productType = "com.apple.product-type.bundle.ui-testing";
		};
/* End PBXNativeTarget section */

/* Begin PBXProject section */
		F4D5AA5C1F1BE59F00CA6E6F /* Project object */ = {
			isa = PBXProject;
			attributes = {
				LastSwiftUpdateCheck = 0830;
				LastUpgradeCheck = 0830;
				ORGANIZATIONNAME = Simon;
				TargetAttributes = {
					F4D5AA631F1BE59F00CA6E6F = {
						CreatedOnToolsVersion = 8.3.3;
						ProvisioningStyle = Automatic;
					};
					F4D5AA771F1BE59F00CA6E6F = {
						CreatedOnToolsVersion = 8.3.3;
						ProvisioningStyle = Automatic;
						TestTargetID = F4D5AA631F1BE59F00CA6E6F;
					};
					F4D5AA821F1BE59F00CA6E6F = {
						CreatedOnToolsVersion = 8.3.3;
						ProvisioningStyle = Automatic;
						TestTargetID = F4D5AA631F1BE59F00CA6E6F;
					};
				};
			};
			buildConfigurationList = F4D5AA5F1F1BE59F00CA6E6F /* Build configuration list for PBXProject "Oppositify CLR" */;
			compatibilityVersion = "Xcode 3.2";
			developmentRegion = English;
			hasScannedForEncodings = 0;
			knownRegions = (
				en,
				Base,
			);
			mainGroup = F4D5AA5B1F1BE59F00CA6E6F;
			productRefGroup = F4D5AA651F1BE59F00CA6E6F /* Products */;
			projectDirPath = "";
			projectRoot = "";
			targets = (
				F4D5AA631F1BE59F00CA6E6F /* Oppositify CLR */,
				F4D5AA771F1BE59F00CA6E6F /* Oppositify CLRTests */,
				F4D5AA821F1BE59F00CA6E6F /* Oppositify CLRUITests */,
			);
		};
/* End PBXProject section */

/* Begin PBXResourcesBuildPhase section */
		F4D5AA621F1BE59F00CA6E6F /* Resources */ = {
			isa = PBXResourcesBuildPhase;
			buildActionMask = 2147483647;
			files = (
				F4D5AA721F1BE59F00CA6E6F /* LaunchScreen.storyboard in Resources */,
				F4D5AA6F1F1BE59F00CA6E6F /* Assets.xcassets in Resources */,
				F4D5AA6D1F1BE59F00CA6E6F /* Main.storyboard in Resources */,
			);
			runOnlyForDeploymentPostprocessing = 0;
		};
		F4D5AA761F1BE59F00CA6E6F /* Resources */ = {
			isa = PBXResourcesBuildPhase;
			buildActionMask = 2147483647;
			files = (
			);
			runOnlyForDeploymentPostprocessing = 0;
		};
		F4D5AA811F1BE59F00CA6E6F /* Resources */ = {
			isa = PBXResourcesBuildPhase;
			buildActionMask = 2147483647;
			files = (
			);
			runOnlyForDeploymentPostprocessing = 0;
		};
/* End PBXResourcesBuildPhase section */

/* Begin PBXSourcesBuildPhase section */
		F4D5AA601F1BE59F00CA6E6F /* Sources */ = {
			isa = PBXSourcesBuildPhase;
			buildActionMask = 2147483647;
			files = (
				F4D5AA6A1F1BE59F00CA6E6F /* ViewController.swift in Sources */,
				F4D5AA681F1BE59F00CA6E6F /* AppDelegate.swift in Sources */,
			);
			runOnlyForDeploymentPostprocessing = 0;
		};
		F4D5AA741F1BE59F00CA6E6F /* Sources */ = {
			isa = PBXSourcesBuildPhase;
			buildActionMask = 2147483647;
			files = (
				F4D5AA7D1F1BE59F00CA6E6F /* Oppositify_CLRTests.swift in Sources */,
			);
			runOnlyForDeploymentPostprocessing = 0;
		};
		F4D5AA7F1F1BE59F00CA6E6F /* Sources */ = {
			isa = PBXSourcesBuildPhase;
			buildActionMask = 2147483647;
			files = (
				F4D5AA881F1BE59F00CA6E6F /* Oppositify_CLRUITests.swift in Sources */,
			);
			runOnlyForDeploymentPostprocessing = 0;
		};
/* End PBXSourcesBuildPhase section */

/* Begin PBXTargetDependency section */
		F4D5AA7A1F1BE59F00CA6E6F /* PBXTargetDependency */ = {
			isa = PBXTargetDependency;
			target = F4D5AA631F1BE59F00CA6E6F /* Oppositify CLR */;
			targetProxy = F4D5AA791F1BE59F00CA6E6F /* PBXContainerItemProxy */;
		};
		F4D5AA851F1BE59F00CA6E6F /* PBXTargetDependency */ = {
			isa = PBXTargetDependency;
			target = F4D5AA631F1BE59F00CA6E6F /* Oppositify CLR */;
			targetProxy = F4D5AA841F1BE59F00CA6E6F /* PBXContainerItemProxy */;
		};
/* End PBXTargetDependency section */

/* Begin PBXVariantGroup section */
		F4D5AA6B1F1BE59F00CA6E6F /* Main.storyboard */ = {
			isa = PBXVariantGroup;
			children = (
				F4D5AA6C1F1BE59F00CA6E6F /* Base */,
			);
			name = Main.storyboard;
			sourceTree = "<group>";
		};
		F4D5AA701F1BE59F00CA6E6F /* LaunchScreen.storyboard */ = {
			isa = PBXVariantGroup;
			children = (
				F4D5AA711F1BE59F00CA6E6F /* Base */,
			);
			name = LaunchScreen.storyboard;
			sourceTree = "<group>";
		};
/* End PBXVariantGroup section */

/* Begin XCBuildConfiguration section */
		F4D5AA8A1F1BE59F00CA6E6F /* Debug */ = {
			isa = XCBuildConfiguration;
			buildSettings = {
				ALWAYS_SEARCH_USER_PATHS = NO;
				CLANG_ANALYZER_NONNULL = YES;
				CLANG_ANALYZER_NUMBER_OBJECT_CONVERSION = YES_AGGRESSIVE;
				CLANG_CXX_LANGUAGE_STANDARD = "gnu++0x";
				CLANG_CXX_LIBRARY = "libc++";
				CLANG_ENABLE_MODULES = YES;
				CLANG_ENABLE_OBJC_ARC = YES;
				CLANG_WARN_BOOL_CONVERSION = YES;
				CLANG_WARN_CONSTANT_CONVERSION = YES;
				CLANG_WARN_DIRECT_OBJC_ISA_USAGE = YES_ERROR;
				CLANG_WARN_DOCUMENTATION_COMMENTS = YES;
				CLANG_WARN_EMPTY_BODY = YES;
				CLANG_WARN_ENUM_CONVERSION = YES;
				CLANG_WARN_INFINITE_RECURSION = YES;
				CLANG_WARN_INT_CONVERSION = YES;
				CLANG_WARN_OBJC_ROOT_CLASS = YES_ERROR;
				CLANG_WARN_SUSPICIOUS_MOVE = YES;
				CLANG_WARN_UNREACHABLE_CODE = YES;
				CLANG_WARN__DUPLICATE_METHOD_MATCH = YES;
				"CODE_SIGN_IDENTITY[sdk=iphoneos*]" = "iPhone Developer";
				COPY_PHASE_STRIP = NO;
				DEBUG_INFORMATION_FORMAT = dwarf;
				ENABLE_STRICT_OBJC_MSGSEND = YES;
				ENABLE_TESTABILITY = YES;
				GCC_C_LANGUAGE_STANDARD = gnu99;
				GCC_DYNAMIC_NO_PIC = NO;
				GCC_NO_COMMON_BLOCKS = YES;
				GCC_OPTIMIZATION_LEVEL = 0;
				GCC_PREPROCESSOR_DEFINITIONS = (
					"DEBUG=1",
					"$(inherited)",
				);
				GCC_WARN_64_TO_32_BIT_CONVERSION = YES;
				GCC_WARN_ABOUT_RETURN_TYPE = YES_ERROR;
				GCC_WARN_UNDECLARED_SELECTOR = YES;
				GCC_WARN_UNINITIALIZED_AUTOS = YES_AGGRESSIVE;
				GCC_WARN_UNUSED_FUNCTION = YES;
				GCC_WARN_UNUSED_VARIABLE = YES;
				IPHONEOS_DEPLOYMENT_TARGET = 10.3;
				MTL_ENABLE_DEBUG_INFO = YES;
				ONLY_ACTIVE_ARCH = YES;
				SDKROOT = iphoneos;
				SWIFT_ACTIVE_COMPILATION_CONDITIONS = DEBUG;
				SWIFT_OPTIMIZATION_LEVEL = "-Onone";
				TARGETED_DEVICE_FAMILY = "1,2";
			};
			name = Debug;
		};
		F4D5AA8B1F1BE59F00CA6E6F /* Release */ = {
			isa = XCBuildConfiguration;
			buildSettings = {
				ALWAYS_SEARCH_USER_PATHS = NO;
				CLANG_ANALYZER_NONNULL = YES;
				CLANG_ANALYZER_NUMBER_OBJECT_CONVERSION = YES_AGGRESSIVE;
				CLANG_CXX_LANGUAGE_STANDARD = "gnu++0x";
				CLANG_CXX_LIBRARY = "libc++";
				CLANG_ENABLE_MODULES = YES;
				CLANG_ENABLE_OBJC_ARC = YES;
				CLANG_WARN_BOOL_CONVERSION = YES;
				CLANG_WARN_CONSTANT_CONVERSION = YES;
				CLANG_WARN_DIRECT_OBJC_ISA_USAGE = YES_ERROR;
				CLANG_WARN_DOCUMENTATION_COMMENTS = YES;
				CLANG_WARN_EMPTY_BODY = YES;
				CLANG_WARN_ENUM_CONVERSION = YES;
				CLANG_WARN_INFINITE_RECURSION = YES;
				CLANG_WARN_INT_CONVERSION = YES;
				CLANG_WARN_OBJC_ROOT_CLASS = YES_ERROR;
				CLANG_WARN_SUSPICIOUS_MOVE = YES;
				CLANG_WARN_UNREACHABLE_CODE = YES;
				CLANG_WARN__DUPLICATE_METHOD_MATCH = YES;
				"CODE_SIGN_IDENTITY[sdk=iphoneos*]" = "iPhone Developer";
				COPY_PHASE_STRIP = NO;
				DEBUG_INFORMATION_FORMAT = "dwarf-with-dsym";
				ENABLE_NS_ASSERTIONS = NO;
				ENABLE_STRICT_OBJC_MSGSEND = YES;
				GCC_C_LANGUAGE_STANDARD = gnu99;
				GCC_NO_COMMON_BLOCKS = YES;
				GCC_WARN_64_TO_32_BIT_CONVERSION = YES;
				GCC_WARN_ABOUT_RETURN_TYPE = YES_ERROR;
				GCC_WARN_UNDECLARED_SELECTOR = YES;
				GCC_WARN_UNINITIALIZED_AUTOS = YES_AGGRESSIVE;
				GCC_WARN_UNUSED_FUNCTION = YES;
				GCC_WARN_UNUSED_VARIABLE = YES;
				IPHONEOS_DEPLOYMENT_TARGET = 10.3;
				MTL_ENABLE_DEBUG_INFO = NO;
				SDKROOT = iphoneos;
				SWIFT_OPTIMIZATION_LEVEL = "-Owholemodule";
				TARGETED_DEVICE_FAMILY = "1,2";
				VALIDATE_PRODUCT = YES;
			};
			name = Release;
		};
		F4D5AA8D1F1BE59F00CA6E6F /* Debug */ = {
			isa = XCBuildConfiguration;
			buildSettings = {
				ASSETCATALOG_COMPILER_APPICON_NAME = AppIcon;
				INFOPLIST_FILE = "Oppositify CLR/Info.plist";
				LD_RUNPATH_SEARCH_PATHS = "$(inherited) @executable_path/Frameworks";
				PRODUCT_BUNDLE_IDENTIFIER = "gluten-free-dovleper.Oppositify-CLR";
				PRODUCT_NAME = "$(TARGET_NAME)";
				SWIFT_VERSION = 3.0;
			};
			name = Debug;
		};
		F4D5AA8E1F1BE59F00CA6E6F /* Release */ = {
			isa = XCBuildConfiguration;
			buildSettings = {
				ASSETCATALOG_COMPILER_APPICON_NAME = AppIcon;
				INFOPLIST_FILE = "Oppositify CLR/Info.plist";
				LD_RUNPATH_SEARCH_PATHS = "$(inherited) @executable_path/Frameworks";
				PRODUCT_BUNDLE_IDENTIFIER = "gluten-free-dovleper.Oppositify-CLR";
				PRODUCT_NAME = "$(TARGET_NAME)";
				SWIFT_VERSION = 3.0;
			};
			name = Release;
		};
		F4D5AA901F1BE59F00CA6E6F /* Debug */ = {
			isa = XCBuildConfiguration;
			buildSettings = {
				ALWAYS_EMBED_SWIFT_STANDARD_LIBRARIES = YES;
				BUNDLE_LOADER = "$(TEST_HOST)";
				INFOPLIST_FILE = "Oppositify CLRTests/Info.plist";
				LD_RUNPATH_SEARCH_PATHS = "$(inherited) @executable_path/Frameworks @loader_path/Frameworks";
				PRODUCT_BUNDLE_IDENTIFIER = "gluten-free-dovleper.Oppositify-CLRTests";
				PRODUCT_NAME = "$(TARGET_NAME)";
				SWIFT_VERSION = 3.0;
				TEST_HOST = "$(BUILT_PRODUCTS_DIR)/Oppositify CLR.app/Oppositify CLR";
			};
			name = Debug;
		};
		F4D5AA911F1BE59F00CA6E6F /* Release */ = {
			isa = XCBuildConfiguration;
			buildSettings = {
				ALWAYS_EMBED_SWIFT_STANDARD_LIBRARIES = YES;
				BUNDLE_LOADER = "$(TEST_HOST)";
				INFOPLIST_FILE = "Oppositify CLRTests/Info.plist";
				LD_RUNPATH_SEARCH_PATHS = "$(inherited) @executable_path/Frameworks @loader_path/Frameworks";
				PRODUCT_BUNDLE_IDENTIFIER = "gluten-free-dovleper.Oppositify-CLRTests";
				PRODUCT_NAME = "$(TARGET_NAME)";
				SWIFT_VERSION = 3.0;
				TEST_HOST = "$(BUILT_PRODUCTS_DIR)/Oppositify CLR.app/Oppositify CLR";
			};
			name = Release;
		};
		F4D5AA931F1BE59F00CA6E6F /* Debug */ = {
			isa = XCBuildConfiguration;
			buildSettings = {
				ALWAYS_EMBED_SWIFT_STANDARD_LIBRARIES = YES;
				INFOPLIST_FILE = "Oppositify CLRUITests/Info.plist";
				LD_RUNPATH_SEARCH_PATHS = "$(inherited) @executable_path/Frameworks @loader_path/Frameworks";
				PRODUCT_BUNDLE_IDENTIFIER = "gluten-free-dovleper.Oppositify-CLRUITests";
				PRODUCT_NAME = "$(TARGET_NAME)";
				SWIFT_VERSION = 3.0;
				TEST_TARGET_NAME = "Oppositify CLR";
			};
			name = Debug;
		};
		F4D5AA941F1BE59F00CA6E6F /* Release */ = {
			isa = XCBuildConfiguration;
			buildSettings = {
				ALWAYS_EMBED_SWIFT_STANDARD_LIBRARIES = YES;
				INFOPLIST_FILE = "Oppositify CLRUITests/Info.plist";
				LD_RUNPATH_SEARCH_PATHS = "$(inherited) @executable_path/Frameworks @loader_path/Frameworks";
				PRODUCT_BUNDLE_IDENTIFIER = "gluten-free-dovleper.Oppositify-CLRUITests";
				PRODUCT_NAME = "$(TARGET_NAME)";
				SWIFT_VERSION = 3.0;
				TEST_TARGET_NAME = "Oppositify CLR";
			};
			name = Release;
		};
/* End XCBuildConfiguration section */

/* Begin XCConfigurationList section */
		F4D5AA5F1F1BE59F00CA6E6F /* Build configuration list for PBXProject "Oppositify CLR" */ = {
			isa = XCConfigurationList;
			buildConfigurations = (
				F4D5AA8A1F1BE59F00CA6E6F /* Debug */,
				F4D5AA8B1F1BE59F00CA6E6F /* Release */,
			);
			defaultConfigurationIsVisible = 0;
			defaultConfigurationName = Release;
		};
		F4D5AA8C1F1BE59F00CA6E6F /* Build configuration list for PBXNativeTarget "Oppositify CLR" */ = {
			isa = XCConfigurationList;
			buildConfigurations = (
				F4D5AA8D1F1BE59F00CA6E6F /* Debug */,
				F4D5AA8E1F1BE59F00CA6E6F /* Release */,
			);
			defaultConfigurationIsVisible = 0;
			defaultConfigurationName = Release;
		};
		F4D5AA8F1F1BE59F00CA6E6F /* Build configuration list for PBXNativeTarget "Oppositify CLRTests" */ = {
			isa = XCConfigurationList;
			buildConfigurations = (
				F4D5AA901F1BE59F00CA6E6F /* Debug */,
				F4D5AA911F1BE59F00CA6E6F /* Release */,
			);
			defaultConfigurationIsVisible = 0;
			defaultConfigurationName = Release;
		};
		F4D5AA921F1BE59F00CA6E6F /* Build configuration list for PBXNativeTarget "Oppositify CLRUITests" */ = {
			isa = XCConfigurationList;
			buildConfigurations = (
				F4D5AA931F1BE59F00CA6E6F /* Debug */,
				F4D5AA941F1BE59F00CA6E6F /* Release */,
			);
			defaultConfigurationIsVisible = 0;
			defaultConfigurationName = Release;
		};
/* End XCConfigurationList section */
	};
	rootObject = F4D5AA5C1F1BE59F00CA6E6F /* Project object */;
}
